// !$*UTF8*$!
{
	archiveVersion = 1;
	classes = {
	};
	objectVersion = 51;
	objects = {

/* Begin PBXBuildFile section */
		1D5BC790419466AE720346E4 /* Pods_Tumblr_TumblrUITests.framework in Frameworks */ = {isa = PBXBuildFile; fileRef = 4820B8EB61C62A5F4488EA49 /* Pods_Tumblr_TumblrUITests.framework */; };
		23E8CB216C27A9547968F3AB /* Pods_Tumblr.framework in Frameworks */ = {isa = PBXBuildFile; fileRef = D121F5E1BA8BE66F1BA0B5EF /* Pods_Tumblr.framework */; };
		9B3406812684D83A00992403 /* AppDelegate.m in Sources */ = {isa = PBXBuildFile; fileRef = 9B3406802684D83A00992403 /* AppDelegate.m */; };
		9B3406842684D83A00992403 /* SceneDelegate.m in Sources */ = {isa = PBXBuildFile; fileRef = 9B3406832684D83A00992403 /* SceneDelegate.m */; };
		9B34068A2684D83A00992403 /* Main.storyboard in Resources */ = {isa = PBXBuildFile; fileRef = 9B3406882684D83A00992403 /* Main.storyboard */; };
		9B34068C2684D83B00992403 /* Assets.xcassets in Resources */ = {isa = PBXBuildFile; fileRef = 9B34068B2684D83B00992403 /* Assets.xcassets */; };
		9B34068F2684D83B00992403 /* LaunchScreen.storyboard in Resources */ = {isa = PBXBuildFile; fileRef = 9B34068D2684D83B00992403 /* LaunchScreen.storyboard */; };
		9B3406922684D83B00992403 /* main.m in Sources */ = {isa = PBXBuildFile; fileRef = 9B3406912684D83B00992403 /* main.m */; };
		9B34069C2684D83B00992403 /* TumblrTests.m in Sources */ = {isa = PBXBuildFile; fileRef = 9B34069B2684D83B00992403 /* TumblrTests.m */; };
		9B3406A72684D83C00992403 /* TumblrUITests.m in Sources */ = {isa = PBXBuildFile; fileRef = 9B3406A62684D83C00992403 /* TumblrUITests.m */; };
		9B3406B62684D93C00992403 /* PhotosViewController.m in Sources */ = {isa = PBXBuildFile; fileRef = 9B3406B52684D93C00992403 /* PhotosViewController.m */; };
		9B3406B92684DEFA00992403 /* PhotoCell.m in Sources */ = {isa = PBXBuildFile; fileRef = 9B3406B82684DEFA00992403 /* PhotoCell.m */; };
		9E5C35E787668438ABCFAF36 /* Pods_TumblrTests.framework in Frameworks */ = {isa = PBXBuildFile; fileRef = E33C885237857455B6058181 /* Pods_TumblrTests.framework */; };
/* End PBXBuildFile section */

/* Begin PBXContainerItemProxy section */
		9B3406982684D83B00992403 /* PBXContainerItemProxy */ = {
			isa = PBXContainerItemProxy;
			containerPortal = 9B3406742684D83900992403 /* Project object */;
			proxyType = 1;
			remoteGlobalIDString = 9B34067B2684D83900992403;
			remoteInfo = Tumblr;
		};
		9B3406A32684D83C00992403 /* PBXContainerItemProxy */ = {
			isa = PBXContainerItemProxy;
			containerPortal = 9B3406742684D83900992403 /* Project object */;
			proxyType = 1;
			remoteGlobalIDString = 9B34067B2684D83900992403;
			remoteInfo = Tumblr;
		};
/* End PBXContainerItemProxy section */

/* Begin PBXFileReference section */
		15851A18E41CEE57F9403F73 /* Pods-Tumblr-TumblrUITests.debug.xcconfig */ = {isa = PBXFileReference; includeInIndex = 1; lastKnownFileType = text.xcconfig; name = "Pods-Tumblr-TumblrUITests.debug.xcconfig"; path = "Target Support Files/Pods-Tumblr-TumblrUITests/Pods-Tumblr-TumblrUITests.debug.xcconfig"; sourceTree = "<group>"; };
		1DFB4CA7B258D16F4C1D9748 /* Pods-TumblrTests.release.xcconfig */ = {isa = PBXFileReference; includeInIndex = 1; lastKnownFileType = text.xcconfig; name = "Pods-TumblrTests.release.xcconfig"; path = "Target Support Files/Pods-TumblrTests/Pods-TumblrTests.release.xcconfig"; sourceTree = "<group>"; };
		4820B8EB61C62A5F4488EA49 /* Pods_Tumblr_TumblrUITests.framework */ = {isa = PBXFileReference; explicitFileType = wrapper.framework; includeInIndex = 0; path = Pods_Tumblr_TumblrUITests.framework; sourceTree = BUILT_PRODUCTS_DIR; };
		630FBEA482C0F94447145290 /* Pods-TumblrTests.debug.xcconfig */ = {isa = PBXFileReference; includeInIndex = 1; lastKnownFileType = text.xcconfig; name = "Pods-TumblrTests.debug.xcconfig"; path = "Target Support Files/Pods-TumblrTests/Pods-TumblrTests.debug.xcconfig"; sourceTree = "<group>"; };
		801A6C7D72790E3B7C8981C2 /* Pods-Tumblr-TumblrUITests.release.xcconfig */ = {isa = PBXFileReference; includeInIndex = 1; lastKnownFileType = text.xcconfig; name = "Pods-Tumblr-TumblrUITests.release.xcconfig"; path = "Target Support Files/Pods-Tumblr-TumblrUITests/Pods-Tumblr-TumblrUITests.release.xcconfig"; sourceTree = "<group>"; };
		9B34067C2684D83900992403 /* Tumblr.app */ = {isa = PBXFileReference; explicitFileType = wrapper.application; includeInIndex = 0; path = Tumblr.app; sourceTree = BUILT_PRODUCTS_DIR; };
		9B34067F2684D83900992403 /* AppDelegate.h */ = {isa = PBXFileReference; lastKnownFileType = sourcecode.c.h; path = AppDelegate.h; sourceTree = "<group>"; };
		9B3406802684D83A00992403 /* AppDelegate.m */ = {isa = PBXFileReference; lastKnownFileType = sourcecode.c.objc; path = AppDelegate.m; sourceTree = "<group>"; };
		9B3406822684D83A00992403 /* SceneDelegate.h */ = {isa = PBXFileReference; lastKnownFileType = sourcecode.c.h; path = SceneDelegate.h; sourceTree = "<group>"; };
		9B3406832684D83A00992403 /* SceneDelegate.m */ = {isa = PBXFileReference; lastKnownFileType = sourcecode.c.objc; path = SceneDelegate.m; sourceTree = "<group>"; };
		9B3406892684D83A00992403 /* Base */ = {isa = PBXFileReference; lastKnownFileType = file.storyboard; name = Base; path = Base.lproj/Main.storyboard; sourceTree = "<group>"; };
		9B34068B2684D83B00992403 /* Assets.xcassets */ = {isa = PBXFileReference; lastKnownFileType = folder.assetcatalog; path = Assets.xcassets; sourceTree = "<group>"; };
		9B34068E2684D83B00992403 /* Base */ = {isa = PBXFileReference; lastKnownFileType = file.storyboard; name = Base; path = Base.lproj/LaunchScreen.storyboard; sourceTree = "<group>"; };
		9B3406902684D83B00992403 /* Info.plist */ = {isa = PBXFileReference; lastKnownFileType = text.plist.xml; path = Info.plist; sourceTree = "<group>"; };
		9B3406912684D83B00992403 /* main.m */ = {isa = PBXFileReference; lastKnownFileType = sourcecode.c.objc; path = main.m; sourceTree = "<group>"; };
		9B3406972684D83B00992403 /* TumblrTests.xctest */ = {isa = PBXFileReference; explicitFileType = wrapper.cfbundle; includeInIndex = 0; path = TumblrTests.xctest; sourceTree = BUILT_PRODUCTS_DIR; };
		9B34069B2684D83B00992403 /* TumblrTests.m */ = {isa = PBXFileReference; lastKnownFileType = sourcecode.c.objc; path = TumblrTests.m; sourceTree = "<group>"; };
		9B34069D2684D83C00992403 /* Info.plist */ = {isa = PBXFileReference; lastKnownFileType = text.plist.xml; path = Info.plist; sourceTree = "<group>"; };
		9B3406A22684D83C00992403 /* TumblrUITests.xctest */ = {isa = PBXFileReference; explicitFileType = wrapper.cfbundle; includeInIndex = 0; path = TumblrUITests.xctest; sourceTree = BUILT_PRODUCTS_DIR; };
		9B3406A62684D83C00992403 /* TumblrUITests.m */ = {isa = PBXFileReference; lastKnownFileType = sourcecode.c.objc; path = TumblrUITests.m; sourceTree = "<group>"; };
		9B3406A82684D83C00992403 /* Info.plist */ = {isa = PBXFileReference; lastKnownFileType = text.plist.xml; path = Info.plist; sourceTree = "<group>"; };
		9B3406B42684D93C00992403 /* PhotosViewController.h */ = {isa = PBXFileReference; lastKnownFileType = sourcecode.c.h; path = PhotosViewController.h; sourceTree = "<group>"; };
		9B3406B52684D93C00992403 /* PhotosViewController.m */ = {isa = PBXFileReference; lastKnownFileType = sourcecode.c.objc; path = PhotosViewController.m; sourceTree = "<group>"; };
		9B3406B72684DEFA00992403 /* PhotoCell.h */ = {isa = PBXFileReference; lastKnownFileType = sourcecode.c.h; path = PhotoCell.h; sourceTree = "<group>"; };
		9B3406B82684DEFA00992403 /* PhotoCell.m */ = {isa = PBXFileReference; lastKnownFileType = sourcecode.c.objc; path = PhotoCell.m; sourceTree = "<group>"; };
		D080730964BA65E81176A7F2 /* Pods-Tumblr.release.xcconfig */ = {isa = PBXFileReference; includeInIndex = 1; lastKnownFileType = text.xcconfig; name = "Pods-Tumblr.release.xcconfig"; path = "Target Support Files/Pods-Tumblr/Pods-Tumblr.release.xcconfig"; sourceTree = "<group>"; };
		D121F5E1BA8BE66F1BA0B5EF /* Pods_Tumblr.framework */ = {isa = PBXFileReference; explicitFileType = wrapper.framework; includeInIndex = 0; path = Pods_Tumblr.framework; sourceTree = BUILT_PRODUCTS_DIR; };
		D59F39F317DD77E461907324 /* Pods-Tumblr.debug.xcconfig */ = {isa = PBXFileReference; includeInIndex = 1; lastKnownFileType = text.xcconfig; name = "Pods-Tumblr.debug.xcconfig"; path = "Target Support Files/Pods-Tumblr/Pods-Tumblr.debug.xcconfig"; sourceTree = "<group>"; };
		E33C885237857455B6058181 /* Pods_TumblrTests.framework */ = {isa = PBXFileReference; explicitFileType = wrapper.framework; includeInIndex = 0; path = Pods_TumblrTests.framework; sourceTree = BUILT_PRODUCTS_DIR; };
/* End PBXFileReference section */

/* Begin PBXFrameworksBuildPhase section */
		9B3406792684D83900992403 /* Frameworks */ = {
			isa = PBXFrameworksBuildPhase;
			buildActionMask = 2147483647;
			files = (
				23E8CB216C27A9547968F3AB /* Pods_Tumblr.framework in Frameworks */,
			);
			runOnlyForDeploymentPostprocessing = 0;
		};
		9B3406942684D83B00992403 /* Frameworks */ = {
			isa = PBXFrameworksBuildPhase;
			buildActionMask = 2147483647;
			files = (
				9E5C35E787668438ABCFAF36 /* Pods_TumblrTests.framework in Frameworks */,
			);
			runOnlyForDeploymentPostprocessing = 0;
		};
		9B34069F2684D83C00992403 /* Frameworks */ = {
			isa = PBXFrameworksBuildPhase;
			buildActionMask = 2147483647;
			files = (
				1D5BC790419466AE720346E4 /* Pods_Tumblr_TumblrUITests.framework in Frameworks */,
			);
			runOnlyForDeploymentPostprocessing = 0;
		};
/* End PBXFrameworksBuildPhase section */

/* Begin PBXGroup section */
		9B3406732684D83900992403 = {
			isa = PBXGroup;
			children = (
				9B34067E2684D83900992403 /* Tumblr */,
				9B34069A2684D83B00992403 /* TumblrTests */,
				9B3406A52684D83C00992403 /* TumblrUITests */,
				9B34067D2684D83900992403 /* Products */,
				F6CF5F8E786A8FAA5147434D /* Pods */,
				FF44AFC6766BE9B9A9D2AD34 /* Frameworks */,
			);
			sourceTree = "<group>";
		};
		9B34067D2684D83900992403 /* Products */ = {
			isa = PBXGroup;
			children = (
				9B34067C2684D83900992403 /* Tumblr.app */,
				9B3406972684D83B00992403 /* TumblrTests.xctest */,
				9B3406A22684D83C00992403 /* TumblrUITests.xctest */,
			);
			name = Products;
			sourceTree = "<group>";
		};
		9B34067E2684D83900992403 /* Tumblr */ = {
			isa = PBXGroup;
			children = (
				9B34067F2684D83900992403 /* AppDelegate.h */,
				9B3406802684D83A00992403 /* AppDelegate.m */,
				9B3406822684D83A00992403 /* SceneDelegate.h */,
				9B3406832684D83A00992403 /* SceneDelegate.m */,
				9B3406882684D83A00992403 /* Main.storyboard */,
				9B34068B2684D83B00992403 /* Assets.xcassets */,
				9B34068D2684D83B00992403 /* LaunchScreen.storyboard */,
				9B3406902684D83B00992403 /* Info.plist */,
				9B3406912684D83B00992403 /* main.m */,
				9B3406B42684D93C00992403 /* PhotosViewController.h */,
				9B3406B52684D93C00992403 /* PhotosViewController.m */,
				9B3406B72684DEFA00992403 /* PhotoCell.h */,
				9B3406B82684DEFA00992403 /* PhotoCell.m */,
			);
			path = Tumblr;
			sourceTree = "<group>";
		};
		9B34069A2684D83B00992403 /* TumblrTests */ = {
			isa = PBXGroup;
			children = (
				9B34069B2684D83B00992403 /* TumblrTests.m */,
				9B34069D2684D83C00992403 /* Info.plist */,
			);
			path = TumblrTests;
			sourceTree = "<group>";
		};
		9B3406A52684D83C00992403 /* TumblrUITests */ = {
			isa = PBXGroup;
			children = (
				9B3406A62684D83C00992403 /* TumblrUITests.m */,
				9B3406A82684D83C00992403 /* Info.plist */,
			);
			path = TumblrUITests;
			sourceTree = "<group>";
		};
		F6CF5F8E786A8FAA5147434D /* Pods */ = {
			isa = PBXGroup;
			children = (
				D59F39F317DD77E461907324 /* Pods-Tumblr.debug.xcconfig */,
				D080730964BA65E81176A7F2 /* Pods-Tumblr.release.xcconfig */,
				15851A18E41CEE57F9403F73 /* Pods-Tumblr-TumblrUITests.debug.xcconfig */,
				801A6C7D72790E3B7C8981C2 /* Pods-Tumblr-TumblrUITests.release.xcconfig */,
				630FBEA482C0F94447145290 /* Pods-TumblrTests.debug.xcconfig */,
				1DFB4CA7B258D16F4C1D9748 /* Pods-TumblrTests.release.xcconfig */,
			);
			path = Pods;
			sourceTree = "<group>";
		};
		FF44AFC6766BE9B9A9D2AD34 /* Frameworks */ = {
			isa = PBXGroup;
			children = (
				D121F5E1BA8BE66F1BA0B5EF /* Pods_Tumblr.framework */,
				4820B8EB61C62A5F4488EA49 /* Pods_Tumblr_TumblrUITests.framework */,
				E33C885237857455B6058181 /* Pods_TumblrTests.framework */,
			);
			name = Frameworks;
			sourceTree = "<group>";
		};
/* End PBXGroup section */

/* Begin PBXNativeTarget section */
		9B34067B2684D83900992403 /* Tumblr */ = {
			isa = PBXNativeTarget;
			buildConfigurationList = 9B3406AB2684D83C00992403 /* Build configuration list for PBXNativeTarget "Tumblr" */;
			buildPhases = (
				DC7F30983E33EE238C8D6E5C /* [CP] Check Pods Manifest.lock */,
				9B3406782684D83900992403 /* Sources */,
				9B3406792684D83900992403 /* Frameworks */,
				9B34067A2684D83900992403 /* Resources */,
				9EBB1DDB4CED6DA99CECE888 /* [CP] Embed Pods Frameworks */,
			);
			buildRules = (
			);
			dependencies = (
			);
			name = Tumblr;
			productName = Tumblr;
			productReference = 9B34067C2684D83900992403 /* Tumblr.app */;
			productType = "com.apple.product-type.application";
		};
		9B3406962684D83B00992403 /* TumblrTests */ = {
			isa = PBXNativeTarget;
			buildConfigurationList = 9B3406AE2684D83C00992403 /* Build configuration list for PBXNativeTarget "TumblrTests" */;
			buildPhases = (
				C79873DE1892891B48BC4AED /* [CP] Check Pods Manifest.lock */,
				9B3406932684D83B00992403 /* Sources */,
				9B3406942684D83B00992403 /* Frameworks */,
				9B3406952684D83B00992403 /* Resources */,
			);
			buildRules = (
			);
			dependencies = (
				9B3406992684D83B00992403 /* PBXTargetDependency */,
			);
			name = TumblrTests;
			productName = TumblrTests;
			productReference = 9B3406972684D83B00992403 /* TumblrTests.xctest */;
			productType = "com.apple.product-type.bundle.unit-test";
		};
		9B3406A12684D83C00992403 /* TumblrUITests */ = {
			isa = PBXNativeTarget;
			buildConfigurationList = 9B3406B12684D83C00992403 /* Build configuration list for PBXNativeTarget "TumblrUITests" */;
			buildPhases = (
				6A04E6E63622E4A546CCE16E /* [CP] Check Pods Manifest.lock */,
				9B34069E2684D83C00992403 /* Sources */,
				9B34069F2684D83C00992403 /* Frameworks */,
				9B3406A02684D83C00992403 /* Resources */,
				F2BDE5768572A4E285B9C604 /* [CP] Embed Pods Frameworks */,
			);
			buildRules = (
			);
			dependencies = (
				9B3406A42684D83C00992403 /* PBXTargetDependency */,
			);
			name = TumblrUITests;
			productName = TumblrUITests;
			productReference = 9B3406A22684D83C00992403 /* TumblrUITests.xctest */;
			productType = "com.apple.product-type.bundle.ui-testing";
		};
/* End PBXNativeTarget section */

/* Begin PBXProject section */
		9B3406742684D83900992403 /* Project object */ = {
			isa = PBXProject;
			attributes = {
				LastUpgradeCheck = 1250;
				TargetAttributes = {
					9B34067B2684D83900992403 = {
						CreatedOnToolsVersion = 12.5.1;
					};
					9B3406962684D83B00992403 = {
						CreatedOnToolsVersion = 12.5.1;
						TestTargetID = 9B34067B2684D83900992403;
					};
					9B3406A12684D83C00992403 = {
						CreatedOnToolsVersion = 12.5.1;
						TestTargetID = 9B34067B2684D83900992403;
					};
				};
			};
			buildConfigurationList = 9B3406772684D83900992403 /* Build configuration list for PBXProject "Tumblr" */;
			compatibilityVersion = "Xcode 9.3";
			developmentRegion = en;
			hasScannedForEncodings = 0;
			knownRegions = (
				en,
				Base,
			);
			mainGroup = 9B3406732684D83900992403;
			productRefGroup = 9B34067D2684D83900992403 /* Products */;
			projectDirPath = "";
			projectRoot = "";
			targets = (
				9B34067B2684D83900992403 /* Tumblr */,
				9B3406962684D83B00992403 /* TumblrTests */,
				9B3406A12684D83C00992403 /* TumblrUITests */,
			);
		};
/* End PBXProject section */

/* Begin PBXResourcesBuildPhase section */
		9B34067A2684D83900992403 /* Resources */ = {
			isa = PBXResourcesBuildPhase;
			buildActionMask = 2147483647;
			files = (
				9B34068F2684D83B00992403 /* LaunchScreen.storyboard in Resources */,
				9B34068C2684D83B00992403 /* Assets.xcassets in Resources */,
				9B34068A2684D83A00992403 /* Main.storyboard in Resources */,
			);
			runOnlyForDeploymentPostprocessing = 0;
		};
		9B3406952684D83B00992403 /* Resources */ = {
			isa = PBXResourcesBuildPhase;
			buildActionMask = 2147483647;
			files = (
			);
			runOnlyForDeploymentPostprocessing = 0;
		};
		9B3406A02684D83C00992403 /* Resources */ = {
			isa = PBXResourcesBuildPhase;
			buildActionMask = 2147483647;
			files = (
			);
			runOnlyForDeploymentPostprocessing = 0;
		};
/* End PBXResourcesBuildPhase section */

/* Begin PBXShellScriptBuildPhase section */
		6A04E6E63622E4A546CCE16E /* [CP] Check Pods Manifest.lock */ = {
			isa = PBXShellScriptBuildPhase;
			buildActionMask = 2147483647;
			files = (
			);
			inputFileListPaths = (
			);
			inputPaths = (
				"${PODS_PODFILE_DIR_PATH}/Podfile.lock",
				"${PODS_ROOT}/Manifest.lock",
			);
			name = "[CP] Check Pods Manifest.lock";
			outputFileListPaths = (
			);
			outputPaths = (
				"$(DERIVED_FILE_DIR)/Pods-Tumblr-TumblrUITests-checkManifestLockResult.txt",
			);
			runOnlyForDeploymentPostprocessing = 0;
			shellPath = /bin/sh;
			shellScript = "diff \"${PODS_PODFILE_DIR_PATH}/Podfile.lock\" \"${PODS_ROOT}/Manifest.lock\" > /dev/null\nif [ $? != 0 ] ; then\n    # print error to STDERR\n    echo \"error: The sandbox is not in sync with the Podfile.lock. Run 'pod install' or update your CocoaPods installation.\" >&2\n    exit 1\nfi\n# This output is used by Xcode 'outputs' to avoid re-running this script phase.\necho \"SUCCESS\" > \"${SCRIPT_OUTPUT_FILE_0}\"\n";
			showEnvVarsInLog = 0;
		};
		9EBB1DDB4CED6DA99CECE888 /* [CP] Embed Pods Frameworks */ = {
			isa = PBXShellScriptBuildPhase;
			buildActionMask = 2147483647;
			files = (
			);
			inputFileListPaths = (
				"${PODS_ROOT}/Target Support Files/Pods-Tumblr/Pods-Tumblr-frameworks-${CONFIGURATION}-input-files.xcfilelist",
			);
			name = "[CP] Embed Pods Frameworks";
			outputFileListPaths = (
				"${PODS_ROOT}/Target Support Files/Pods-Tumblr/Pods-Tumblr-frameworks-${CONFIGURATION}-output-files.xcfilelist",
			);
			runOnlyForDeploymentPostprocessing = 0;
			shellPath = /bin/sh;
			shellScript = "\"${PODS_ROOT}/Target Support Files/Pods-Tumblr/Pods-Tumblr-frameworks.sh\"\n";
			showEnvVarsInLog = 0;
		};
		C79873DE1892891B48BC4AED /* [CP] Check Pods Manifest.lock */ = {
			isa = PBXShellScriptBuildPhase;
			buildActionMask = 2147483647;
			files = (
			);
			inputFileListPaths = (
			);
			inputPaths = (
				"${PODS_PODFILE_DIR_PATH}/Podfile.lock",
				"${PODS_ROOT}/Manifest.lock",
			);
			name = "[CP] Check Pods Manifest.lock";
			outputFileListPaths = (
			);
			outputPaths = (
				"$(DERIVED_FILE_DIR)/Pods-TumblrTests-checkManifestLockResult.txt",
			);
			runOnlyForDeploymentPostprocessing = 0;
			shellPath = /bin/sh;
			shellScript = "diff \"${PODS_PODFILE_DIR_PATH}/Podfile.lock\" \"${PODS_ROOT}/Manifest.lock\" > /dev/null\nif [ $? != 0 ] ; then\n    # print error to STDERR\n    echo \"error: The sandbox is not in sync with the Podfile.lock. Run 'pod install' or update your CocoaPods installation.\" >&2\n    exit 1\nfi\n# This output is used by Xcode 'outputs' to avoid re-running this script phase.\necho \"SUCCESS\" > \"${SCRIPT_OUTPUT_FILE_0}\"\n";
			showEnvVarsInLog = 0;
		};
		DC7F30983E33EE238C8D6E5C /* [CP] Check Pods Manifest.lock */ = {
			isa = PBXShellScriptBuildPhase;
			buildActionMask = 2147483647;
			files = (
			);
			inputFileListPaths = (
			);
			inputPaths = (
				"${PODS_PODFILE_DIR_PATH}/Podfile.lock",
				"${PODS_ROOT}/Manifest.lock",
			);
			name = "[CP] Check Pods Manifest.lock";
			outputFileListPaths = (
			);
			outputPaths = (
				"$(DERIVED_FILE_DIR)/Pods-Tumblr-checkManifestLockResult.txt",
			);
			runOnlyForDeploymentPostprocessing = 0;
			shellPath = /bin/sh;
			shellScript = "diff \"${PODS_PODFILE_DIR_PATH}/Podfile.lock\" \"${PODS_ROOT}/Manifest.lock\" > /dev/null\nif [ $? != 0 ] ; then\n    # print error to STDERR\n    echo \"error: The sandbox is not in sync with the Podfile.lock. Run 'pod install' or update your CocoaPods installation.\" >&2\n    exit 1\nfi\n# This output is used by Xcode 'outputs' to avoid re-running this script phase.\necho \"SUCCESS\" > \"${SCRIPT_OUTPUT_FILE_0}\"\n";
			showEnvVarsInLog = 0;
		};
		F2BDE5768572A4E285B9C604 /* [CP] Embed Pods Frameworks */ = {
			isa = PBXShellScriptBuildPhase;
			buildActionMask = 2147483647;
			files = (
			);
			inputFileListPaths = (
				"${PODS_ROOT}/Target Support Files/Pods-Tumblr-TumblrUITests/Pods-Tumblr-TumblrUITests-frameworks-${CONFIGURATION}-input-files.xcfilelist",
			);
			name = "[CP] Embed Pods Frameworks";
			outputFileListPaths = (
				"${PODS_ROOT}/Target Support Files/Pods-Tumblr-TumblrUITests/Pods-Tumblr-TumblrUITests-frameworks-${CONFIGURATION}-output-files.xcfilelist",
			);
			runOnlyForDeploymentPostprocessing = 0;
			shellPath = /bin/sh;
			shellScript = "\"${PODS_ROOT}/Target Support Files/Pods-Tumblr-TumblrUITests/Pods-Tumblr-TumblrUITests-frameworks.sh\"\n";
			showEnvVarsInLog = 0;
		};
/* End PBXShellScriptBuildPhase section */

/* Begin PBXSourcesBuildPhase section */
		9B3406782684D83900992403 /* Sources */ = {
			isa = PBXSourcesBuildPhase;
			buildActionMask = 2147483647;
			files = (
				9B3406812684D83A00992403 /* AppDelegate.m in Sources */,
				9B3406B92684DEFA00992403 /* PhotoCell.m in Sources */,
				9B3406922684D83B00992403 /* main.m in Sources */,
				9B3406B62684D93C00992403 /* PhotosViewController.m in Sources */,
				9B3406842684D83A00992403 /* SceneDelegate.m in Sources */,
			);
			runOnlyForDeploymentPostprocessing = 0;
		};
		9B3406932684D83B00992403 /* Sources */ = {
			isa = PBXSourcesBuildPhase;
			buildActionMask = 2147483647;
			files = (
				9B34069C2684D83B00992403 /* TumblrTests.m in Sources */,
			);
			runOnlyForDeploymentPostprocessing = 0;
		};
		9B34069E2684D83C00992403 /* Sources */ = {
			isa = PBXSourcesBuildPhase;
			buildActionMask = 2147483647;
			files = (
				9B3406A72684D83C00992403 /* TumblrUITests.m in Sources */,
			);
			runOnlyForDeploymentPostprocessing = 0;
		};
/* End PBXSourcesBuildPhase section */

/* Begin PBXTargetDependency section */
		9B3406992684D83B00992403 /* PBXTargetDependency */ = {
			isa = PBXTargetDependency;
			target = 9B34067B2684D83900992403 /* Tumblr */;
			targetProxy = 9B3406982684D83B00992403 /* PBXContainerItemProxy */;
		};
		9B3406A42684D83C00992403 /* PBXTargetDependency */ = {
			isa = PBXTargetDependency;
			target = 9B34067B2684D83900992403 /* Tumblr */;
			targetProxy = 9B3406A32684D83C00992403 /* PBXContainerItemProxy */;
		};
/* End PBXTargetDependency section */

/* Begin PBXVariantGroup section */
		9B3406882684D83A00992403 /* Main.storyboard */ = {
			isa = PBXVariantGroup;
			children = (
				9B3406892684D83A00992403 /* Base */,
			);
			name = Main.storyboard;
			sourceTree = "<group>";
		};
		9B34068D2684D83B00992403 /* LaunchScreen.storyboard */ = {
			isa = PBXVariantGroup;
			children = (
				9B34068E2684D83B00992403 /* Base */,
			);
			name = LaunchScreen.storyboard;
			sourceTree = "<group>";
		};
/* End PBXVariantGroup section */

/* Begin XCBuildConfiguration section */
		9B3406A92684D83C00992403 /* Debug */ = {
			isa = XCBuildConfiguration;
			buildSettings = {
				ALWAYS_SEARCH_USER_PATHS = NO;
				CLANG_ANALYZER_NONNULL = YES;
				CLANG_ANALYZER_NUMBER_OBJECT_CONVERSION = YES_AGGRESSIVE;
				CLANG_CXX_LANGUAGE_STANDARD = "gnu++14";
				CLANG_CXX_LIBRARY = "libc++";
				CLANG_ENABLE_MODULES = YES;
				CLANG_ENABLE_OBJC_ARC = YES;
				CLANG_ENABLE_OBJC_WEAK = YES;
				CLANG_WARN_BLOCK_CAPTURE_AUTORELEASING = YES;
				CLANG_WARN_BOOL_CONVERSION = YES;
				CLANG_WARN_COMMA = YES;
				CLANG_WARN_CONSTANT_CONVERSION = YES;
				CLANG_WARN_DEPRECATED_OBJC_IMPLEMENTATIONS = YES;
				CLANG_WARN_DIRECT_OBJC_ISA_USAGE = YES_ERROR;
				CLANG_WARN_DOCUMENTATION_COMMENTS = YES;
				CLANG_WARN_EMPTY_BODY = YES;
				CLANG_WARN_ENUM_CONVERSION = YES;
				CLANG_WARN_INFINITE_RECURSION = YES;
				CLANG_WARN_INT_CONVERSION = YES;
				CLANG_WARN_NON_LITERAL_NULL_CONVERSION = YES;
				CLANG_WARN_OBJC_IMPLICIT_RETAIN_SELF = YES;
				CLANG_WARN_OBJC_LITERAL_CONVERSION = YES;
				CLANG_WARN_OBJC_ROOT_CLASS = YES_ERROR;
				CLANG_WARN_QUOTED_INCLUDE_IN_FRAMEWORK_HEADER = YES;
				CLANG_WARN_RANGE_LOOP_ANALYSIS = YES;
				CLANG_WARN_STRICT_PROTOTYPES = YES;
				CLANG_WARN_SUSPICIOUS_MOVE = YES;
				CLANG_WARN_UNGUARDED_AVAILABILITY = YES_AGGRESSIVE;
				CLANG_WARN_UNREACHABLE_CODE = YES;
				CLANG_WARN__DUPLICATE_METHOD_MATCH = YES;
				COPY_PHASE_STRIP = NO;
				DEBUG_INFORMATION_FORMAT = dwarf;
				ENABLE_STRICT_OBJC_MSGSEND = YES;
				ENABLE_TESTABILITY = YES;
				GCC_C_LANGUAGE_STANDARD = gnu11;
				GCC_DYNAMIC_NO_PIC = NO;
				GCC_NO_COMMON_BLOCKS = YES;
				GCC_OPTIMIZATION_LEVEL = 0;
				GCC_PREPROCESSOR_DEFINITIONS = (
					"DEBUG=1",
					"$(inherited)",
				);
				GCC_WARN_64_TO_32_BIT_CONVERSION = YES;
				GCC_WARN_ABOUT_RETURN_TYPE = YES_ERROR;
				GCC_WARN_UNDECLARED_SELECTOR = YES;
				GCC_WARN_UNINITIALIZED_AUTOS = YES_AGGRESSIVE;
				GCC_WARN_UNUSED_FUNCTION = YES;
				GCC_WARN_UNUSED_VARIABLE = YES;
				IPHONEOS_DEPLOYMENT_TARGET = 14.5;
				MTL_ENABLE_DEBUG_INFO = INCLUDE_SOURCE;
				MTL_FAST_MATH = YES;
				ONLY_ACTIVE_ARCH = YES;
				SDKROOT = iphoneos;
			};
			name = Debug;
		};
		9B3406AA2684D83C00992403 /* Release */ = {
			isa = XCBuildConfiguration;
			buildSettings = {
				ALWAYS_SEARCH_USER_PATHS = NO;
				CLANG_ANALYZER_NONNULL = YES;
				CLANG_ANALYZER_NUMBER_OBJECT_CONVERSION = YES_AGGRESSIVE;
				CLANG_CXX_LANGUAGE_STANDARD = "gnu++14";
				CLANG_CXX_LIBRARY = "libc++";
				CLANG_ENABLE_MODULES = YES;
				CLANG_ENABLE_OBJC_ARC = YES;
				CLANG_ENABLE_OBJC_WEAK = YES;
				CLANG_WARN_BLOCK_CAPTURE_AUTORELEASING = YES;
				CLANG_WARN_BOOL_CONVERSION = YES;
				CLANG_WARN_COMMA = YES;
				CLANG_WARN_CONSTANT_CONVERSION = YES;
				CLANG_WARN_DEPRECATED_OBJC_IMPLEMENTATIONS = YES;
				CLANG_WARN_DIRECT_OBJC_ISA_USAGE = YES_ERROR;
				CLANG_WARN_DOCUMENTATION_COMMENTS = YES;
				CLANG_WARN_EMPTY_BODY = YES;
				CLANG_WARN_ENUM_CONVERSION = YES;
				CLANG_WARN_INFINITE_RECURSION = YES;
				CLANG_WARN_INT_CONVERSION = YES;
				CLANG_WARN_NON_LITERAL_NULL_CONVERSION = YES;
				CLANG_WARN_OBJC_IMPLICIT_RETAIN_SELF = YES;
				CLANG_WARN_OBJC_LITERAL_CONVERSION = YES;
				CLANG_WARN_OBJC_ROOT_CLASS = YES_ERROR;
				CLANG_WARN_QUOTED_INCLUDE_IN_FRAMEWORK_HEADER = YES;
				CLANG_WARN_RANGE_LOOP_ANALYSIS = YES;
				CLANG_WARN_STRICT_PROTOTYPES = YES;
				CLANG_WARN_SUSPICIOUS_MOVE = YES;
				CLANG_WARN_UNGUARDED_AVAILABILITY = YES_AGGRESSIVE;
				CLANG_WARN_UNREACHABLE_CODE = YES;
				CLANG_WARN__DUPLICATE_METHOD_MATCH = YES;
				COPY_PHASE_STRIP = NO;
				DEBUG_INFORMATION_FORMAT = "dwarf-with-dsym";
				ENABLE_NS_ASSERTIONS = NO;
				ENABLE_STRICT_OBJC_MSGSEND = YES;
				GCC_C_LANGUAGE_STANDARD = gnu11;
				GCC_NO_COMMON_BLOCKS = YES;
				GCC_WARN_64_TO_32_BIT_CONVERSION = YES;
				GCC_WARN_ABOUT_RETURN_TYPE = YES_ERROR;
				GCC_WARN_UNDECLARED_SELECTOR = YES;
				GCC_WARN_UNINITIALIZED_AUTOS = YES_AGGRESSIVE;
				GCC_WARN_UNUSED_FUNCTION = YES;
				GCC_WARN_UNUSED_VARIABLE = YES;
				IPHONEOS_DEPLOYMENT_TARGET = 14.5;
				MTL_ENABLE_DEBUG_INFO = NO;
				MTL_FAST_MATH = YES;
				SDKROOT = iphoneos;
				VALIDATE_PRODUCT = YES;
			};
			name = Release;
		};
		9B3406AC2684D83C00992403 /* Debug */ = {
			isa = XCBuildConfiguration;
			baseConfigurationReference = D59F39F317DD77E461907324 /* Pods-Tumblr.debug.xcconfig */;
			buildSettings = {
				ASSETCATALOG_COMPILER_APPICON_NAME = AppIcon;
				ASSETCATALOG_COMPILER_GLOBAL_ACCENT_COLOR_NAME = AccentColor;
				CODE_SIGN_STYLE = Automatic;
				DEVELOPMENT_TEAM = M6WW8H36AB;
				INFOPLIST_FILE = Tumblr/Info.plist;
				LD_RUNPATH_SEARCH_PATHS = (
					"$(inherited)",
					"@executable_path/Frameworks",
				);
				PRODUCT_BUNDLE_IDENTIFIER = com.marinhyatt.Tumblr;
				PRODUCT_NAME = "$(TARGET_NAME)";
				TARGETED_DEVICE_FAMILY = "1,2";
			};
			name = Debug;
		};
		9B3406AD2684D83C00992403 /* Release */ = {
			isa = XCBuildConfiguration;
			baseConfigurationReference = D080730964BA65E81176A7F2 /* Pods-Tumblr.release.xcconfig */;
			buildSettings = {
				ASSETCATALOG_COMPILER_APPICON_NAME = AppIcon;
				ASSETCATALOG_COMPILER_GLOBAL_ACCENT_COLOR_NAME = AccentColor;
				CODE_SIGN_STYLE = Automatic;
				DEVELOPMENT_TEAM = M6WW8H36AB;
				INFOPLIST_FILE = Tumblr/Info.plist;
				LD_RUNPATH_SEARCH_PATHS = (
					"$(inherited)",
					"@executable_path/Frameworks",
				);
				PRODUCT_BUNDLE_IDENTIFIER = com.marinhyatt.Tumblr;
				PRODUCT_NAME = "$(TARGET_NAME)";
				TARGETED_DEVICE_FAMILY = "1,2";
			};
			name = Release;
		};
		9B3406AF2684D83C00992403 /* Debug */ = {
			isa = XCBuildConfiguration;
			baseConfigurationReference = 630FBEA482C0F94447145290 /* Pods-TumblrTests.debug.xcconfig */;
			buildSettings = {
				BUNDLE_LOADER = "$(TEST_HOST)";
				CODE_SIGN_STYLE = Automatic;
				DEVELOPMENT_TEAM = M6WW8H36AB;
				INFOPLIST_FILE = TumblrTests/Info.plist;
				IPHONEOS_DEPLOYMENT_TARGET = 14.5;
				LD_RUNPATH_SEARCH_PATHS = (
					"$(inherited)",
					"@executable_path/Frameworks",
					"@loader_path/Frameworks",
				);
				PRODUCT_BUNDLE_IDENTIFIER = com.marinhyatt.TumblrTests;
				PRODUCT_NAME = "$(TARGET_NAME)";
				TARGETED_DEVICE_FAMILY = "1,2";
				TEST_HOST = "$(BUILT_PRODUCTS_DIR)/Tumblr.app/Tumblr";
			};
			name = Debug;
		};
		9B3406B02684D83C00992403 /* Release */ = {
			isa = XCBuildConfiguration;
			baseConfigurationReference = 1DFB4CA7B258D16F4C1D9748 /* Pods-TumblrTests.release.xcconfig */;
			buildSettings = {
				BUNDLE_LOADER = "$(TEST_HOST)";
				CODE_SIGN_STYLE = Automatic;
				DEVELOPMENT_TEAM = M6WW8H36AB;
				INFOPLIST_FILE = TumblrTests/Info.plist;
				IPHONEOS_DEPLOYMENT_TARGET = 14.5;
				LD_RUNPATH_SEARCH_PATHS = (
					"$(inherited)",
					"@executable_path/Frameworks",
					"@loader_path/Frameworks",
				);
				PRODUCT_BUNDLE_IDENTIFIER = com.marinhyatt.TumblrTests;
				PRODUCT_NAME = "$(TARGET_NAME)";
				TARGETED_DEVICE_FAMILY = "1,2";
				TEST_HOST = "$(BUILT_PRODUCTS_DIR)/Tumblr.app/Tumblr";
			};
			name = Release;
		};
		9B3406B22684D83C00992403 /* Debug */ = {
			isa = XCBuildConfiguration;
			baseConfigurationReference = 15851A18E41CEE57F9403F73 /* Pods-Tumblr-TumblrUITests.debug.xcconfig */;
			buildSettings = {
				CODE_SIGN_STYLE = Automatic;
				DEVELOPMENT_TEAM = M6WW8H36AB;
				INFOPLIST_FILE = TumblrUITests/Info.plist;
				LD_RUNPATH_SEARCH_PATHS = (
					"$(inherited)",
					"@executable_path/Frameworks",
					"@loader_path/Frameworks",
				);
				PRODUCT_BUNDLE_IDENTIFIER = com.marinhyatt.TumblrUITests;
				PRODUCT_NAME = "$(TARGET_NAME)";
				TARGETED_DEVICE_FAMILY = "1,2";
				TEST_TARGET_NAME = Tumblr;
			};
			name = Debug;
		};
		9B3406B32684D83C00992403 /* Release */ = {
			isa = XCBuildConfiguration;
			baseConfigurationReference = 801A6C7D72790E3B7C8981C2 /* Pods-Tumblr-TumblrUITests.release.xcconfig */;
			buildSettings = {
				CODE_SIGN_STYLE = Automatic;
				DEVELOPMENT_TEAM = M6WW8H36AB;
				INFOPLIST_FILE = TumblrUITests/Info.plist;
				LD_RUNPATH_SEARCH_PATHS = (
					"$(inherited)",
					"@executable_path/Frameworks",
					"@loader_path/Frameworks",
				);
				PRODUCT_BUNDLE_IDENTIFIER = com.marinhyatt.TumblrUITests;
				PRODUCT_NAME = "$(TARGET_NAME)";
				TARGETED_DEVICE_FAMILY = "1,2";
				TEST_TARGET_NAME = Tumblr;
			};
			name = Release;
		};
/* End XCBuildConfiguration section */

/* Begin XCConfigurationList section */
		9B3406772684D83900992403 /* Build configuration list for PBXProject "Tumblr" */ = {
			isa = XCConfigurationList;
			buildConfigurations = (
				9B3406A92684D83C00992403 /* Debug */,
				9B3406AA2684D83C00992403 /* Release */,
			);
			defaultConfigurationIsVisible = 0;
			defaultConfigurationName = Release;
		};
		9B3406AB2684D83C00992403 /* Build configuration list for PBXNativeTarget "Tumblr" */ = {
			isa = XCConfigurationList;
			buildConfigurations = (
				9B3406AC2684D83C00992403 /* Debug */,
				9B3406AD2684D83C00992403 /* Release */,
			);
			defaultConfigurationIsVisible = 0;
			defaultConfigurationName = Release;
		};
		9B3406AE2684D83C00992403 /* Build configuration list for PBXNativeTarget "TumblrTests" */ = {
			isa = XCConfigurationList;
			buildConfigurations = (
				9B3406AF2684D83C00992403 /* Debug */,
				9B3406B02684D83C00992403 /* Release */,
			);
			defaultConfigurationIsVisible = 0;
			defaultConfigurationName = Release;
		};
		9B3406B12684D83C00992403 /* Build configuration list for PBXNativeTarget "TumblrUITests" */ = {
			isa = XCConfigurationList;
			buildConfigurations = (
				9B3406B22684D83C00992403 /* Debug */,
				9B3406B32684D83C00992403 /* Release */,
			);
			defaultConfigurationIsVisible = 0;
			defaultConfigurationName = Release;
		};
/* End XCConfigurationList section */
	};
	rootObject = 9B3406742684D83900992403 /* Project object */;
}
