// !$*UTF8*$!
{
	archiveVersion = 1;
	classes = {
	};
	objectVersion = 50;
	objects = {

/* Begin PBXBuildFile section */
		9B3406812684D83A00992403 /* AppDelegate.m in Sources */ = {isa = PBXBuildFile; fileRef = 9B3406802684D83A00992403 /* AppDelegate.m */; };
		9B3406842684D83A00992403 /* SceneDelegate.m in Sources */ = {isa = PBXBuildFile; fileRef = 9B3406832684D83A00992403 /* SceneDelegate.m */; };
		9B3406872684D83A00992403 /* ViewController.m in Sources */ = {isa = PBXBuildFile; fileRef = 9B3406862684D83A00992403 /* ViewController.m */; };
		9B34068A2684D83A00992403 /* Main.storyboard in Resources */ = {isa = PBXBuildFile; fileRef = 9B3406882684D83A00992403 /* Main.storyboard */; };
		9B34068C2684D83B00992403 /* Assets.xcassets in Resources */ = {isa = PBXBuildFile; fileRef = 9B34068B2684D83B00992403 /* Assets.xcassets */; };
		9B34068F2684D83B00992403 /* LaunchScreen.storyboard in Resources */ = {isa = PBXBuildFile; fileRef = 9B34068D2684D83B00992403 /* LaunchScreen.storyboard */; };
		9B3406922684D83B00992403 /* main.m in Sources */ = {isa = PBXBuildFile; fileRef = 9B3406912684D83B00992403 /* main.m */; };
		9B34069C2684D83B00992403 /* TumblrTests.m in Sources */ = {isa = PBXBuildFile; fileRef = 9B34069B2684D83B00992403 /* TumblrTests.m */; };
		9B3406A72684D83C00992403 /* TumblrUITests.m in Sources */ = {isa = PBXBuildFile; fileRef = 9B3406A62684D83C00992403 /* TumblrUITests.m */; };
/* End PBXBuildFile section */

/* Begin PBXContainerItemProxy section */
		9B3406982684D83B00992403 /* PBXContainerItemProxy */ = {
			isa = PBXContainerItemProxy;
			containerPortal = 9B3406742684D83900992403 /* Project object */;
			proxyType = 1;
			remoteGlobalIDString = 9B34067B2684D83900992403;
			remoteInfo = Tumblr;
		};
		9B3406A32684D83C00992403 /* PBXContainerItemProxy */ = {
			isa = PBXContainerItemProxy;
			containerPortal = 9B3406742684D83900992403 /* Project object */;
			proxyType = 1;
			remoteGlobalIDString = 9B34067B2684D83900992403;
			remoteInfo = Tumblr;
		};
/* End PBXContainerItemProxy section */

/* Begin PBXFileReference section */
		9B34067C2684D83900992403 /* Tumblr.app */ = {isa = PBXFileReference; explicitFileType = wrapper.application; includeInIndex = 0; path = Tumblr.app; sourceTree = BUILT_PRODUCTS_DIR; };
		9B34067F2684D83900992403 /* AppDelegate.h */ = {isa = PBXFileReference; lastKnownFileType = sourcecode.c.h; path = AppDelegate.h; sourceTree = "<group>"; };
		9B3406802684D83A00992403 /* AppDelegate.m */ = {isa = PBXFileReference; lastKnownFileType = sourcecode.c.objc; path = AppDelegate.m; sourceTree = "<group>"; };
		9B3406822684D83A00992403 /* SceneDelegate.h */ = {isa = PBXFileReference; lastKnownFileType = sourcecode.c.h; path = SceneDelegate.h; sourceTree = "<group>"; };
		9B3406832684D83A00992403 /* SceneDelegate.m */ = {isa = PBXFileReference; lastKnownFileType = sourcecode.c.objc; path = SceneDelegate.m; sourceTree = "<group>"; };
		9B3406852684D83A00992403 /* ViewController.h */ = {isa = PBXFileReference; lastKnownFileType = sourcecode.c.h; path = ViewController.h; sourceTree = "<group>"; };
		9B3406862684D83A00992403 /* ViewController.m */ = {isa = PBXFileReference; lastKnownFileType = sourcecode.c.objc; path = ViewController.m; sourceTree = "<group>"; };
		9B3406892684D83A00992403 /* Base */ = {isa = PBXFileReference; lastKnownFileType = file.storyboard; name = Base; path = Base.lproj/Main.storyboard; sourceTree = "<group>"; };
		9B34068B2684D83B00992403 /* Assets.xcassets */ = {isa = PBXFileReference; lastKnownFileType = folder.assetcatalog; path = Assets.xcassets; sourceTree = "<group>"; };
		9B34068E2684D83B00992403 /* Base */ = {isa = PBXFileReference; lastKnownFileType = file.storyboard; name = Base; path = Base.lproj/LaunchScreen.storyboard; sourceTree = "<group>"; };
		9B3406902684D83B00992403 /* Info.plist */ = {isa = PBXFileReference; lastKnownFileType = text.plist.xml; path = Info.plist; sourceTree = "<group>"; };
		9B3406912684D83B00992403 /* main.m */ = {isa = PBXFileReference; lastKnownFileType = sourcecode.c.objc; path = main.m; sourceTree = "<group>"; };
		9B3406972684D83B00992403 /* TumblrTests.xctest */ = {isa = PBXFileReference; explicitFileType = wrapper.cfbundle; includeInIndex = 0; path = TumblrTests.xctest; sourceTree = BUILT_PRODUCTS_DIR; };
		9B34069B2684D83B00992403 /* TumblrTests.m */ = {isa = PBXFileReference; lastKnownFileType = sourcecode.c.objc; path = TumblrTests.m; sourceTree = "<group>"; };
		9B34069D2684D83C00992403 /* Info.plist */ = {isa = PBXFileReference; lastKnownFileType = text.plist.xml; path = Info.plist; sourceTree = "<group>"; };
		9B3406A22684D83C00992403 /* TumblrUITests.xctest */ = {isa = PBXFileReference; explicitFileType = wrapper.cfbundle; includeInIndex = 0; path = TumblrUITests.xctest; sourceTree = BUILT_PRODUCTS_DIR; };
		9B3406A62684D83C00992403 /* TumblrUITests.m */ = {isa = PBXFileReference; lastKnownFileType = sourcecode.c.objc; path = TumblrUITests.m; sourceTree = "<group>"; };
		9B3406A82684D83C00992403 /* Info.plist */ = {isa = PBXFileReference; lastKnownFileType = text.plist.xml; path = Info.plist; sourceTree = "<group>"; };
/* End PBXFileReference section */

/* Begin PBXFrameworksBuildPhase section */
		9B3406792684D83900992403 /* Frameworks */ = {
			isa = PBXFrameworksBuildPhase;
			buildActionMask = 2147483647;
			files = (
			);
			runOnlyForDeploymentPostprocessing = 0;
		};
		9B3406942684D83B00992403 /* Frameworks */ = {
			isa = PBXFrameworksBuildPhase;
			buildActionMask = 2147483647;
			files = (
			);
			runOnlyForDeploymentPostprocessing = 0;
		};
		9B34069F2684D83C00992403 /* Frameworks */ = {
			isa = PBXFrameworksBuildPhase;
			buildActionMask = 2147483647;
			files = (
			);
			runOnlyForDeploymentPostprocessing = 0;
		};
/* End PBXFrameworksBuildPhase section */

/* Begin PBXGroup section */
		9B3406732684D83900992403 = {
			isa = PBXGroup;
			children = (
				9B34067E2684D83900992403 /* Tumblr */,
				9B34069A2684D83B00992403 /* TumblrTests */,
				9B3406A52684D83C00992403 /* TumblrUITests */,
				9B34067D2684D83900992403 /* Products */,
			);
			sourceTree = "<group>";
		};
		9B34067D2684D83900992403 /* Products */ = {
			isa = PBXGroup;
			children = (
				9B34067C2684D83900992403 /* Tumblr.app */,
				9B3406972684D83B00992403 /* TumblrTests.xctest */,
				9B3406A22684D83C00992403 /* TumblrUITests.xctest */,
			);
			name = Products;
			sourceTree = "<group>";
		};
		9B34067E2684D83900992403 /* Tumblr */ = {
			isa = PBXGroup;
			children = (
				9B34067F2684D83900992403 /* AppDelegate.h */,
				9B3406802684D83A00992403 /* AppDelegate.m */,
				9B3406822684D83A00992403 /* SceneDelegate.h */,
				9B3406832684D83A00992403 /* SceneDelegate.m */,
				9B3406852684D83A00992403 /* ViewController.h */,
				9B3406862684D83A00992403 /* ViewController.m */,
				9B3406882684D83A00992403 /* Main.storyboard */,
				9B34068B2684D83B00992403 /* Assets.xcassets */,
				9B34068D2684D83B00992403 /* LaunchScreen.storyboard */,
				9B3406902684D83B00992403 /* Info.plist */,
				9B3406912684D83B00992403 /* main.m */,
			);
			path = Tumblr;
			sourceTree = "<group>";
		};
		9B34069A2684D83B00992403 /* TumblrTests */ = {
			isa = PBXGroup;
			children = (
				9B34069B2684D83B00992403 /* TumblrTests.m */,
				9B34069D2684D83C00992403 /* Info.plist */,
			);
			path = TumblrTests;
			sourceTree = "<group>";
		};
		9B3406A52684D83C00992403 /* TumblrUITests */ = {
			isa = PBXGroup;
			children = (
				9B3406A62684D83C00992403 /* TumblrUITests.m */,
				9B3406A82684D83C00992403 /* Info.plist */,
			);
			path = TumblrUITests;
			sourceTree = "<group>";
		};
/* End PBXGroup section */

/* Begin PBXNativeTarget section */
		9B34067B2684D83900992403 /* Tumblr */ = {
			isa = PBXNativeTarget;
			buildConfigurationList = 9B3406AB2684D83C00992403 /* Build configuration list for PBXNativeTarget "Tumblr" */;
			buildPhases = (
				9B3406782684D83900992403 /* Sources */,
				9B3406792684D83900992403 /* Frameworks */,
				9B34067A2684D83900992403 /* Resources */,
			);
			buildRules = (
			);
			dependencies = (
			);
			name = Tumblr;
			productName = Tumblr;
			productReference = 9B34067C2684D83900992403 /* Tumblr.app */;
			productType = "com.apple.product-type.application";
		};
		9B3406962684D83B00992403 /* TumblrTests */ = {
			isa = PBXNativeTarget;
			buildConfigurationList = 9B3406AE2684D83C00992403 /* Build configuration list for PBXNativeTarget "TumblrTests" */;
			buildPhases = (
				9B3406932684D83B00992403 /* Sources */,
				9B3406942684D83B00992403 /* Frameworks */,
				9B3406952684D83B00992403 /* Resources */,
			);
			buildRules = (
			);
			dependencies = (
				9B3406992684D83B00992403 /* PBXTargetDependency */,
			);
			name = TumblrTests;
			productName = TumblrTests;
			productReference = 9B3406972684D83B00992403 /* TumblrTests.xctest */;
			productType = "com.apple.product-type.bundle.unit-test";
		};
		9B3406A12684D83C00992403 /* TumblrUITests */ = {
			isa = PBXNativeTarget;
			buildConfigurationList = 9B3406B12684D83C00992403 /* Build configuration list for PBXNativeTarget "TumblrUITests" */;
			buildPhases = (
				9B34069E2684D83C00992403 /* Sources */,
				9B34069F2684D83C00992403 /* Frameworks */,
				9B3406A02684D83C00992403 /* Resources */,
			);
			buildRules = (
			);
			dependencies = (
				9B3406A42684D83C00992403 /* PBXTargetDependency */,
			);
			name = TumblrUITests;
			productName = TumblrUITests;
			productReference = 9B3406A22684D83C00992403 /* TumblrUITests.xctest */;
			productType = "com.apple.product-type.bundle.ui-testing";
		};
/* End PBXNativeTarget section */

/* Begin PBXProject section */
		9B3406742684D83900992403 /* Project object */ = {
			isa = PBXProject;
			attributes = {
				LastUpgradeCheck = 1250;
				TargetAttributes = {
					9B34067B2684D83900992403 = {
						CreatedOnToolsVersion = 12.5.1;
					};
					9B3406962684D83B00992403 = {
						CreatedOnToolsVersion = 12.5.1;
						TestTargetID = 9B34067B2684D83900992403;
					};
					9B3406A12684D83C00992403 = {
						CreatedOnToolsVersion = 12.5.1;
						TestTargetID = 9B34067B2684D83900992403;
					};
				};
			};
			buildConfigurationList = 9B3406772684D83900992403 /* Build configuration list for PBXProject "Tumblr" */;
			compatibilityVersion = "Xcode 9.3";
			developmentRegion = en;
			hasScannedForEncodings = 0;
			knownRegions = (
				en,
				Base,
			);
			mainGroup = 9B3406732684D83900992403;
			productRefGroup = 9B34067D2684D83900992403 /* Products */;
			projectDirPath = "";
			projectRoot = "";
			targets = (
				9B34067B2684D83900992403 /* Tumblr */,
				9B3406962684D83B00992403 /* TumblrTests */,
				9B3406A12684D83C00992403 /* TumblrUITests */,
			);
		};
/* End PBXProject section */

/* Begin PBXResourcesBuildPhase section */
		9B34067A2684D83900992403 /* Resources */ = {
			isa = PBXResourcesBuildPhase;
			buildActionMask = 2147483647;
			files = (
				9B34068F2684D83B00992403 /* LaunchScreen.storyboard in Resources */,
				9B34068C2684D83B00992403 /* Assets.xcassets in Resources */,
				9B34068A2684D83A00992403 /* Main.storyboard in Resources */,
			);
			runOnlyForDeploymentPostprocessing = 0;
		};
		9B3406952684D83B00992403 /* Resources */ = {
			isa = PBXResourcesBuildPhase;
			buildActionMask = 2147483647;
			files = (
			);
			runOnlyForDeploymentPostprocessing = 0;
		};
		9B3406A02684D83C00992403 /* Resources */ = {
			isa = PBXResourcesBuildPhase;
			buildActionMask = 2147483647;
			files = (
			);
			runOnlyForDeploymentPostprocessing = 0;
		};
/* End PBXResourcesBuildPhase section */

/* Begin PBXSourcesBuildPhase section */
		9B3406782684D83900992403 /* Sources */ = {
			isa = PBXSourcesBuildPhase;
			buildActionMask = 2147483647;
			files = (
				9B3406872684D83A00992403 /* ViewController.m in Sources */,
				9B3406812684D83A00992403 /* AppDelegate.m in Sources */,
				9B3406922684D83B00992403 /* main.m in Sources */,
				9B3406842684D83A00992403 /* SceneDelegate.m in Sources */,
			);
			runOnlyForDeploymentPostprocessing = 0;
		};
		9B3406932684D83B00992403 /* Sources */ = {
			isa = PBXSourcesBuildPhase;
			buildActionMask = 2147483647;
			files = (
				9B34069C2684D83B00992403 /* TumblrTests.m in Sources */,
			);
			runOnlyForDeploymentPostprocessing = 0;
		};
		9B34069E2684D83C00992403 /* Sources */ = {
			isa = PBXSourcesBuildPhase;
			buildActionMask = 2147483647;
			files = (
				9B3406A72684D83C00992403 /* TumblrUITests.m in Sources */,
			);
			runOnlyForDeploymentPostprocessing = 0;
		};
/* End PBXSourcesBuildPhase section */

/* Begin PBXTargetDependency section */
		9B3406992684D83B00992403 /* PBXTargetDependency */ = {
			isa = PBXTargetDependency;
			target = 9B34067B2684D83900992403 /* Tumblr */;
			targetProxy = 9B3406982684D83B00992403 /* PBXContainerItemProxy */;
		};
		9B3406A42684D83C00992403 /* PBXTargetDependency */ = {
			isa = PBXTargetDependency;
			target = 9B34067B2684D83900992403 /* Tumblr */;
			targetProxy = 9B3406A32684D83C00992403 /* PBXContainerItemProxy */;
		};
/* End PBXTargetDependency section */

/* Begin PBXVariantGroup section */
		9B3406882684D83A00992403 /* Main.storyboard */ = {
			isa = PBXVariantGroup;
			children = (
				9B3406892684D83A00992403 /* Base */,
			);
			name = Main.storyboard;
			sourceTree = "<group>";
		};
		9B34068D2684D83B00992403 /* LaunchScreen.storyboard */ = {
			isa = PBXVariantGroup;
			children = (
				9B34068E2684D83B00992403 /* Base */,
			);
			name = LaunchScreen.storyboard;
			sourceTree = "<group>";
		};
/* End PBXVariantGroup section */

/* Begin XCBuildConfiguration section */
		9B3406A92684D83C00992403 /* Debug */ = {
			isa = XCBuildConfiguration;
			buildSettings = {
				ALWAYS_SEARCH_USER_PATHS = NO;
				CLANG_ANALYZER_NONNULL = YES;
				CLANG_ANALYZER_NUMBER_OBJECT_CONVERSION = YES_AGGRESSIVE;
				CLANG_CXX_LANGUAGE_STANDARD = "gnu++14";
				CLANG_CXX_LIBRARY = "libc++";
				CLANG_ENABLE_MODULES = YES;
				CLANG_ENABLE_OBJC_ARC = YES;
				CLANG_ENABLE_OBJC_WEAK = YES;
				CLANG_WARN_BLOCK_CAPTURE_AUTORELEASING = YES;
				CLANG_WARN_BOOL_CONVERSION = YES;
				CLANG_WARN_COMMA = YES;
				CLANG_WARN_CONSTANT_CONVERSION = YES;
				CLANG_WARN_DEPRECATED_OBJC_IMPLEMENTATIONS = YES;
				CLANG_WARN_DIRECT_OBJC_ISA_USAGE = YES_ERROR;
				CLANG_WARN_DOCUMENTATION_COMMENTS = YES;
				CLANG_WARN_EMPTY_BODY = YES;
				CLANG_WARN_ENUM_CONVERSION = YES;
				CLANG_WARN_INFINITE_RECURSION = YES;
				CLANG_WARN_INT_CONVERSION = YES;
				CLANG_WARN_NON_LITERAL_NULL_CONVERSION = YES;
				CLANG_WARN_OBJC_IMPLICIT_RETAIN_SELF = YES;
				CLANG_WARN_OBJC_LITERAL_CONVERSION = YES;
				CLANG_WARN_OBJC_ROOT_CLASS = YES_ERROR;
				CLANG_WARN_QUOTED_INCLUDE_IN_FRAMEWORK_HEADER = YES;
				CLANG_WARN_RANGE_LOOP_ANALYSIS = YES;
				CLANG_WARN_STRICT_PROTOTYPES = YES;
				CLANG_WARN_SUSPICIOUS_MOVE = YES;
				CLANG_WARN_UNGUARDED_AVAILABILITY = YES_AGGRESSIVE;
				CLANG_WARN_UNREACHABLE_CODE = YES;
				CLANG_WARN__DUPLICATE_METHOD_MATCH = YES;
				COPY_PHASE_STRIP = NO;
				DEBUG_INFORMATION_FORMAT = dwarf;
				ENABLE_STRICT_OBJC_MSGSEND = YES;
				ENABLE_TESTABILITY = YES;
				GCC_C_LANGUAGE_STANDARD = gnu11;
				GCC_DYNAMIC_NO_PIC = NO;
				GCC_NO_COMMON_BLOCKS = YES;
				GCC_OPTIMIZATION_LEVEL = 0;
				GCC_PREPROCESSOR_DEFINITIONS = (
					"DEBUG=1",
					"$(inherited)",
				);
				GCC_WARN_64_TO_32_BIT_CONVERSION = YES;
				GCC_WARN_ABOUT_RETURN_TYPE = YES_ERROR;
				GCC_WARN_UNDECLARED_SELECTOR = YES;
				GCC_WARN_UNINITIALIZED_AUTOS = YES_AGGRESSIVE;
				GCC_WARN_UNUSED_FUNCTION = YES;
				GCC_WARN_UNUSED_VARIABLE = YES;
				IPHONEOS_DEPLOYMENT_TARGET = 14.5;
				MTL_ENABLE_DEBUG_INFO = INCLUDE_SOURCE;
				MTL_FAST_MATH = YES;
				ONLY_ACTIVE_ARCH = YES;
				SDKROOT = iphoneos;
			};
			name = Debug;
		};
		9B3406AA2684D83C00992403 /* Release */ = {
			isa = XCBuildConfiguration;
			buildSettings = {
				ALWAYS_SEARCH_USER_PATHS = NO;
				CLANG_ANALYZER_NONNULL = YES;
				CLANG_ANALYZER_NUMBER_OBJECT_CONVERSION = YES_AGGRESSIVE;
				CLANG_CXX_LANGUAGE_STANDARD = "gnu++14";
				CLANG_CXX_LIBRARY = "libc++";
				CLANG_ENABLE_MODULES = YES;
				CLANG_ENABLE_OBJC_ARC = YES;
				CLANG_ENABLE_OBJC_WEAK = YES;
				CLANG_WARN_BLOCK_CAPTURE_AUTORELEASING = YES;
				CLANG_WARN_BOOL_CONVERSION = YES;
				CLANG_WARN_COMMA = YES;
				CLANG_WARN_CONSTANT_CONVERSION = YES;
				CLANG_WARN_DEPRECATED_OBJC_IMPLEMENTATIONS = YES;
				CLANG_WARN_DIRECT_OBJC_ISA_USAGE = YES_ERROR;
				CLANG_WARN_DOCUMENTATION_COMMENTS = YES;
				CLANG_WARN_EMPTY_BODY = YES;
				CLANG_WARN_ENUM_CONVERSION = YES;
				CLANG_WARN_INFINITE_RECURSION = YES;
				CLANG_WARN_INT_CONVERSION = YES;
				CLANG_WARN_NON_LITERAL_NULL_CONVERSION = YES;
				CLANG_WARN_OBJC_IMPLICIT_RETAIN_SELF = YES;
				CLANG_WARN_OBJC_LITERAL_CONVERSION = YES;
				CLANG_WARN_OBJC_ROOT_CLASS = YES_ERROR;
				CLANG_WARN_QUOTED_INCLUDE_IN_FRAMEWORK_HEADER = YES;
				CLANG_WARN_RANGE_LOOP_ANALYSIS = YES;
				CLANG_WARN_STRICT_PROTOTYPES = YES;
				CLANG_WARN_SUSPICIOUS_MOVE = YES;
				CLANG_WARN_UNGUARDED_AVAILABILITY = YES_AGGRESSIVE;
				CLANG_WARN_UNREACHABLE_CODE = YES;
				CLANG_WARN__DUPLICATE_METHOD_MATCH = YES;
				COPY_PHASE_STRIP = NO;
				DEBUG_INFORMATION_FORMAT = "dwarf-with-dsym";
				ENABLE_NS_ASSERTIONS = NO;
				ENABLE_STRICT_OBJC_MSGSEND = YES;
				GCC_C_LANGUAGE_STANDARD = gnu11;
				GCC_NO_COMMON_BLOCKS = YES;
				GCC_WARN_64_TO_32_BIT_CONVERSION = YES;
				GCC_WARN_ABOUT_RETURN_TYPE = YES_ERROR;
				GCC_WARN_UNDECLARED_SELECTOR = YES;
				GCC_WARN_UNINITIALIZED_AUTOS = YES_AGGRESSIVE;
				GCC_WARN_UNUSED_FUNCTION = YES;
				GCC_WARN_UNUSED_VARIABLE = YES;
				IPHONEOS_DEPLOYMENT_TARGET = 14.5;
				MTL_ENABLE_DEBUG_INFO = NO;
				MTL_FAST_MATH = YES;
				SDKROOT = iphoneos;
				VALIDATE_PRODUCT = YES;
			};
			name = Release;
		};
		9B3406AC2684D83C00992403 /* Debug */ = {
			isa = XCBuildConfiguration;
			buildSettings = {
				ASSETCATALOG_COMPILER_APPICON_NAME = AppIcon;
				ASSETCATALOG_COMPILER_GLOBAL_ACCENT_COLOR_NAME = AccentColor;
				CODE_SIGN_STYLE = Automatic;
				DEVELOPMENT_TEAM = M6WW8H36AB;
				INFOPLIST_FILE = Tumblr/Info.plist;
				LD_RUNPATH_SEARCH_PATHS = (
					"$(inherited)",
					"@executable_path/Frameworks",
				);
				PRODUCT_BUNDLE_IDENTIFIER = com.marinhyatt.Tumblr;
				PRODUCT_NAME = "$(TARGET_NAME)";
				TARGETED_DEVICE_FAMILY = "1,2";
			};
			name = Debug;
		};
		9B3406AD2684D83C00992403 /* Release */ = {
			isa = XCBuildConfiguration;
			buildSettings = {
				ASSETCATALOG_COMPILER_APPICON_NAME = AppIcon;
				ASSETCATALOG_COMPILER_GLOBAL_ACCENT_COLOR_NAME = AccentColor;
				CODE_SIGN_STYLE = Automatic;
				DEVELOPMENT_TEAM = M6WW8H36AB;
				INFOPLIST_FILE = Tumblr/Info.plist;
				LD_RUNPATH_SEARCH_PATHS = (
					"$(inherited)",
					"@executable_path/Frameworks",
				);
				PRODUCT_BUNDLE_IDENTIFIER = com.marinhyatt.Tumblr;
				PRODUCT_NAME = "$(TARGET_NAME)";
				TARGETED_DEVICE_FAMILY = "1,2";
			};
			name = Release;
		};
		9B3406AF2684D83C00992403 /* Debug */ = {
			isa = XCBuildConfiguration;
			buildSettings = {
				BUNDLE_LOADER = "$(TEST_HOST)";
				CODE_SIGN_STYLE = Automatic;
				DEVELOPMENT_TEAM = M6WW8H36AB;
				INFOPLIST_FILE = TumblrTests/Info.plist;
				IPHONEOS_DEPLOYMENT_TARGET = 14.5;
				LD_RUNPATH_SEARCH_PATHS = (
					"$(inherited)",
					"@executable_path/Frameworks",
					"@loader_path/Frameworks",
				);
				PRODUCT_BUNDLE_IDENTIFIER = com.marinhyatt.TumblrTests;
				PRODUCT_NAME = "$(TARGET_NAME)";
				TARGETED_DEVICE_FAMILY = "1,2";
				TEST_HOST = "$(BUILT_PRODUCTS_DIR)/Tumblr.app/Tumblr";
			};
			name = Debug;
		};
		9B3406B02684D83C00992403 /* Release */ = {
			isa = XCBuildConfiguration;
			buildSettings = {
				BUNDLE_LOADER = "$(TEST_HOST)";
				CODE_SIGN_STYLE = Automatic;
				DEVELOPMENT_TEAM = M6WW8H36AB;
				INFOPLIST_FILE = TumblrTests/Info.plist;
				IPHONEOS_DEPLOYMENT_TARGET = 14.5;
				LD_RUNPATH_SEARCH_PATHS = (
					"$(inherited)",
					"@executable_path/Frameworks",
					"@loader_path/Frameworks",
				);
				PRODUCT_BUNDLE_IDENTIFIER = com.marinhyatt.TumblrTests;
				PRODUCT_NAME = "$(TARGET_NAME)";
				TARGETED_DEVICE_FAMILY = "1,2";
				TEST_HOST = "$(BUILT_PRODUCTS_DIR)/Tumblr.app/Tumblr";
			};
			name = Release;
		};
		9B3406B22684D83C00992403 /* Debug */ = {
			isa = XCBuildConfiguration;
			buildSettings = {
				CODE_SIGN_STYLE = Automatic;
				DEVELOPMENT_TEAM = M6WW8H36AB;
				INFOPLIST_FILE = TumblrUITests/Info.plist;
				LD_RUNPATH_SEARCH_PATHS = (
					"$(inherited)",
					"@executable_path/Frameworks",
					"@loader_path/Frameworks",
				);
				PRODUCT_BUNDLE_IDENTIFIER = com.marinhyatt.TumblrUITests;
				PRODUCT_NAME = "$(TARGET_NAME)";
				TARGETED_DEVICE_FAMILY = "1,2";
				TEST_TARGET_NAME = Tumblr;
			};
			name = Debug;
		};
		9B3406B32684D83C00992403 /* Release */ = {
			isa = XCBuildConfiguration;
			buildSettings = {
				CODE_SIGN_STYLE = Automatic;
				DEVELOPMENT_TEAM = M6WW8H36AB;
				INFOPLIST_FILE = TumblrUITests/Info.plist;
				LD_RUNPATH_SEARCH_PATHS = (
					"$(inherited)",
					"@executable_path/Frameworks",
					"@loader_path/Frameworks",
				);
				PRODUCT_BUNDLE_IDENTIFIER = com.marinhyatt.TumblrUITests;
				PRODUCT_NAME = "$(TARGET_NAME)";
				TARGETED_DEVICE_FAMILY = "1,2";
				TEST_TARGET_NAME = Tumblr;
			};
			name = Release;
		};
/* End XCBuildConfiguration section */

/* Begin XCConfigurationList section */
		9B3406772684D83900992403 /* Build configuration list for PBXProject "Tumblr" */ = {
			isa = XCConfigurationList;
			buildConfigurations = (
				9B3406A92684D83C00992403 /* Debug */,
				9B3406AA2684D83C00992403 /* Release */,
			);
			defaultConfigurationIsVisible = 0;
			defaultConfigurationName = Release;
		};
		9B3406AB2684D83C00992403 /* Build configuration list for PBXNativeTarget "Tumblr" */ = {
			isa = XCConfigurationList;
			buildConfigurations = (
				9B3406AC2684D83C00992403 /* Debug */,
				9B3406AD2684D83C00992403 /* Release */,
			);
			defaultConfigurationIsVisible = 0;
			defaultConfigurationName = Release;
		};
		9B3406AE2684D83C00992403 /* Build configuration list for PBXNativeTarget "TumblrTests" */ = {
			isa = XCConfigurationList;
			buildConfigurations = (
				9B3406AF2684D83C00992403 /* Debug */,
				9B3406B02684D83C00992403 /* Release */,
			);
			defaultConfigurationIsVisible = 0;
			defaultConfigurationName = Release;
		};
		9B3406B12684D83C00992403 /* Build configuration list for PBXNativeTarget "TumblrUITests" */ = {
			isa = XCConfigurationList;
			buildConfigurations = (
				9B3406B22684D83C00992403 /* Debug */,
				9B3406B32684D83C00992403 /* Release */,
			);
			defaultConfigurationIsVisible = 0;
			defaultConfigurationName = Release;
		};
/* End XCConfigurationList section */
	};
	rootObject = 9B3406742684D83900992403 /* Project object */;
}
